
Microsoft Visual Studio Solution File, Format Version 12.00
# Visual Studio 2012
Project("{FAE04EC0-301F-11D3-BF4B-00C04F79EFBC}") = "UmbracoArchiveProcessor", "UmbracoArchiveProcessor\UmbracoArchiveProcessor.csproj", "{70A97DEB-742A-443D-8E5F-CDB656B125DC}"
EndProject
Global
	GlobalSection(SolutionConfigurationPlatforms) = preSolution
		Debug|Any CPU = Debug|Any CPU
		Release|Any CPU = Release|Any CPU
	EndGlobalSection
	GlobalSection(ProjectConfigurationPlatforms) = postSolution
		{70A97DEB-742A-443D-8E5F-CDB656B125DC}.Debug|Any CPU.ActiveCfg = Debug|Any CPU
		{70A97DEB-742A-443D-8E5F-CDB656B125DC}.Debug|Any CPU.Build.0 = Debug|Any CPU
		{70A97DEB-742A-443D-8E5F-CDB656B125DC}.Release|Any CPU.ActiveCfg = Release|Any CPU
		{70A97DEB-742A-443D-8E5F-CDB656B125DC}.Release|Any CPU.Build.0 = Release|Any CPU
	EndGlobalSection
	GlobalSection(SolutionProperties) = preSolution
		HideSolutionNode = FALSE
	EndGlobalSection
EndGlobal
